
Microsoft Visual Studio Solution File, Format Version 12.00
# Visual Studio Version 17
VisualStudioVersion = 17.9.34622.214
MinimumVisualStudioVersion = 10.0.40219.1
Project("{8BC9CEB8-8B4A-11D0-8D11-00A0C91BC942}") = "NetRunners", "NetRunners\NetRunners.vcxproj", "{1D2F3C31-D543-4946-9C42-86DE08FCCA51}"
EndProject
Project("{8BC9CEB8-8B4A-11D0-8D11-00A0C91BC942}") = "NetRunnersExe", "NetRunnersExe\NetRunnersExe.vcxproj", "{7FDECB40-2288-462C-BFA7-FFC002B50198}"
	ProjectSection(ProjectDependencies) = postProject
		{1D2F3C31-D543-4946-9C42-86DE08FCCA51} = {1D2F3C31-D543-4946-9C42-86DE08FCCA51}
	EndProjectSection
EndProject
Project("{8BC9CEB8-8B4A-11D0-8D11-00A0C91BC942}") = "Encryptor", "Encryptor\Encryptor.vcxproj", "{52EACC7E-0775-4CBC-934E-45A81E7A92A1}"
EndProject
Global
	GlobalSection(SolutionConfigurationPlatforms) = preSolution
		Debug|x64 = Debug|x64
		Debug|x86 = Debug|x86
		Release|x64 = Release|x64
		Release|x86 = Release|x86
	EndGlobalSection
	GlobalSection(ProjectConfigurationPlatforms) = postSolution
		{1D2F3C31-D543-4946-9C42-86DE08FCCA51}.Debug|x64.ActiveCfg = Debug|x64
		{1D2F3C31-D543-4946-9C42-86DE08FCCA51}.Debug|x64.Build.0 = Debug|x64
		{1D2F3C31-D543-4946-9C42-86DE08FCCA51}.Debug|x86.ActiveCfg = Debug|Win32
		{1D2F3C31-D543-4946-9C42-86DE08FCCA51}.Debug|x86.Build.0 = Debug|Win32
		{1D2F3C31-D543-4946-9C42-86DE08FCCA51}.Release|x64.ActiveCfg = Release|x64
		{1D2F3C31-D543-4946-9C42-86DE08FCCA51}.Release|x64.Build.0 = Release|x64
		{1D2F3C31-D543-4946-9C42-86DE08FCCA51}.Release|x86.ActiveCfg = Release|Win32
		{1D2F3C31-D543-4946-9C42-86DE08FCCA51}.Release|x86.Build.0 = Release|Win32
		{7FDECB40-2288-462C-BFA7-FFC002B50198}.Debug|x64.ActiveCfg = Debug|x64
		{7FDECB40-2288-462C-BFA7-FFC002B50198}.Debug|x64.Build.0 = Debug|x64
		{7FDECB40-2288-462C-BFA7-FFC002B50198}.Debug|x86.ActiveCfg = Debug|Win32
		{7FDECB40-2288-462C-BFA7-FFC002B50198}.Debug|x86.Build.0 = Debug|Win32
		{7FDECB40-2288-462C-BFA7-FFC002B50198}.Release|x64.ActiveCfg = Release|x64
		{7FDECB40-2288-462C-BFA7-FFC002B50198}.Release|x64.Build.0 = Release|x64
		{7FDECB40-2288-462C-BFA7-FFC002B50198}.Release|x86.ActiveCfg = Release|Win32
		{7FDECB40-2288-462C-BFA7-FFC002B50198}.Release|x86.Build.0 = Release|Win32
		{52EACC7E-0775-4CBC-934E-45A81E7A92A1}.Debug|x64.ActiveCfg = Debug|x64
		{52EACC7E-0775-4CBC-934E-45A81E7A92A1}.Debug|x64.Build.0 = Debug|x64
		{52EACC7E-0775-4CBC-934E-45A81E7A92A1}.Debug|x86.ActiveCfg = Debug|Win32
		{52EACC7E-0775-4CBC-934E-45A81E7A92A1}.Debug|x86.Build.0 = Debug|Win32
		{52EACC7E-0775-4CBC-934E-45A81E7A92A1}.Release|x64.ActiveCfg = Release|x64
		{52EACC7E-0775-4CBC-934E-45A81E7A92A1}.Release|x64.Build.0 = Release|x64
		{52EACC7E-0775-4CBC-934E-45A81E7A92A1}.Release|x86.ActiveCfg = Release|Win32
		{52EACC7E-0775-4CBC-934E-45A81E7A92A1}.Release|x86.Build.0 = Release|Win32
	EndGlobalSection
	GlobalSection(SolutionProperties) = preSolution
		HideSolutionNode = FALSE
	EndGlobalSection
	GlobalSection(ExtensibilityGlobals) = postSolution
		SolutionGuid = {47853FC9-AD14-49C8-8A5F-28229CF35F68}
	EndGlobalSection
EndGlobal
