
Microsoft Visual Studio Solution File, Format Version 12.00
# Visual Studio Version 17
VisualStudioVersion = 17.9.34622.214
MinimumVisualStudioVersion = 10.0.40219.1
Project("{FAE04EC0-301F-11D3-BF4B-00C04F79EFBC}") = "NetRunnersDll", "NetRunnersDLL\NetRunnersDll.csproj", "{8EA2AD9A-BF9A-424A-BFC3-615E0C9FE1AC}"
EndProject
Project("{FAE04EC0-301F-11D3-BF4B-00C04F79EFBC}") = "NetRunnersSvc", "NetRunnersSvc\NetRunnersSvc.csproj", "{FD617A78-C89D-4E90-ABF9-65F15B4B3E21}"
EndProject
Project("{FAE04EC0-301F-11D3-BF4B-00C04F79EFBC}") = "NetRunnersClm", "NetRunnersCLM\NetRunnersClm.csproj", "{A80DACEF-4196-4ABF-A99D-5E980C4C6EB1}"
EndProject
Project("{FAE04EC0-301F-11D3-BF4B-00C04F79EFBC}") = "NetRunnersExe", "NetRunnersExe\NetRunnersExe.csproj", "{7E5B3755-3663-4D1B-9B3D-996111527D45}"
EndProject
Project("{D954291E-2A0B-460D-934E-DC6B0785DB48}") = "NetRunners", "NetRunners\NetRunners.shproj", "{66523EC1-20FF-4278-9695-E46C029A9A0B}"
EndProject
Project("{FAE04EC0-301F-11D3-BF4B-00C04F79EFBC}") = "NetRunnersUac", "NetRunnersUac\NetRunnersUac.csproj", "{0213935D-3F2A-4095-9DCE-0E8FDDFD9B21}"
EndProject
Project("{FAE04EC0-301F-11D3-BF4B-00C04F79EFBC}") = "Encryptor", "NetRunnersEncryptor\Encryptor.csproj", "{1C0D57EA-70FD-4BD4-9950-73665009F46E}"
EndProject
Project("{FAE04EC0-301F-11D3-BF4B-00C04F79EFBC}") = "Loader", "NetRunnersLoader\Loader.csproj", "{CCAA3F06-0715-4E7B-9AEF-EC21CFA9C10B}"
EndProject
Global
	GlobalSection(SolutionConfigurationPlatforms) = preSolution
		Debug|Any CPU = Debug|Any CPU
		Debug|x64 = Debug|x64
		Debug|x86 = Debug|x86
		Release|Any CPU = Release|Any CPU
		Release|x64 = Release|x64
		Release|x86 = Release|x86
	EndGlobalSection
	GlobalSection(ProjectConfigurationPlatforms) = postSolution
		{8EA2AD9A-BF9A-424A-BFC3-615E0C9FE1AC}.Debug|Any CPU.ActiveCfg = Debug|Any CPU
		{8EA2AD9A-BF9A-424A-BFC3-615E0C9FE1AC}.Debug|Any CPU.Build.0 = Debug|Any CPU
		{8EA2AD9A-BF9A-424A-BFC3-615E0C9FE1AC}.Debug|x64.ActiveCfg = Debug|x64
		{8EA2AD9A-BF9A-424A-BFC3-615E0C9FE1AC}.Debug|x64.Build.0 = Debug|x64
		{8EA2AD9A-BF9A-424A-BFC3-615E0C9FE1AC}.Debug|x86.ActiveCfg = Debug|x86
		{8EA2AD9A-BF9A-424A-BFC3-615E0C9FE1AC}.Debug|x86.Build.0 = Debug|x86
		{8EA2AD9A-BF9A-424A-BFC3-615E0C9FE1AC}.Release|Any CPU.ActiveCfg = Release|Any CPU
		{8EA2AD9A-BF9A-424A-BFC3-615E0C9FE1AC}.Release|Any CPU.Build.0 = Release|Any CPU
		{8EA2AD9A-BF9A-424A-BFC3-615E0C9FE1AC}.Release|x64.ActiveCfg = Release|x64
		{8EA2AD9A-BF9A-424A-BFC3-615E0C9FE1AC}.Release|x64.Build.0 = Release|x64
		{8EA2AD9A-BF9A-424A-BFC3-615E0C9FE1AC}.Release|x86.ActiveCfg = Release|x86
		{8EA2AD9A-BF9A-424A-BFC3-615E0C9FE1AC}.Release|x86.Build.0 = Release|x86
		{FD617A78-C89D-4E90-ABF9-65F15B4B3E21}.Debug|Any CPU.ActiveCfg = Debug|Any CPU
		{FD617A78-C89D-4E90-ABF9-65F15B4B3E21}.Debug|Any CPU.Build.0 = Debug|Any CPU
		{FD617A78-C89D-4E90-ABF9-65F15B4B3E21}.Debug|x64.ActiveCfg = Debug|Any CPU
		{FD617A78-C89D-4E90-ABF9-65F15B4B3E21}.Debug|x64.Build.0 = Debug|Any CPU
		{FD617A78-C89D-4E90-ABF9-65F15B4B3E21}.Debug|x86.ActiveCfg = Debug|Any CPU
		{FD617A78-C89D-4E90-ABF9-65F15B4B3E21}.Debug|x86.Build.0 = Debug|Any CPU
		{FD617A78-C89D-4E90-ABF9-65F15B4B3E21}.Release|Any CPU.ActiveCfg = Release|Any CPU
		{FD617A78-C89D-4E90-ABF9-65F15B4B3E21}.Release|Any CPU.Build.0 = Release|Any CPU
		{FD617A78-C89D-4E90-ABF9-65F15B4B3E21}.Release|x64.ActiveCfg = Release|x64
		{FD617A78-C89D-4E90-ABF9-65F15B4B3E21}.Release|x64.Build.0 = Release|x64
		{FD617A78-C89D-4E90-ABF9-65F15B4B3E21}.Release|x86.ActiveCfg = Release|x86
		{FD617A78-C89D-4E90-ABF9-65F15B4B3E21}.Release|x86.Build.0 = Release|x86
		{A80DACEF-4196-4ABF-A99D-5E980C4C6EB1}.Debug|Any CPU.ActiveCfg = Debug|Any CPU
		{A80DACEF-4196-4ABF-A99D-5E980C4C6EB1}.Debug|Any CPU.Build.0 = Debug|Any CPU
		{A80DACEF-4196-4ABF-A99D-5E980C4C6EB1}.Debug|x64.ActiveCfg = Debug|x64
		{A80DACEF-4196-4ABF-A99D-5E980C4C6EB1}.Debug|x64.Build.0 = Debug|x64
		{A80DACEF-4196-4ABF-A99D-5E980C4C6EB1}.Debug|x86.ActiveCfg = Debug|Any CPU
		{A80DACEF-4196-4ABF-A99D-5E980C4C6EB1}.Debug|x86.Build.0 = Debug|Any CPU
		{A80DACEF-4196-4ABF-A99D-5E980C4C6EB1}.Release|Any CPU.ActiveCfg = Release|Any CPU
		{A80DACEF-4196-4ABF-A99D-5E980C4C6EB1}.Release|Any CPU.Build.0 = Release|Any CPU
		{A80DACEF-4196-4ABF-A99D-5E980C4C6EB1}.Release|x64.ActiveCfg = Release|x64
		{A80DACEF-4196-4ABF-A99D-5E980C4C6EB1}.Release|x64.Build.0 = Release|x64
		{A80DACEF-4196-4ABF-A99D-5E980C4C6EB1}.Release|x86.ActiveCfg = Release|x86
		{A80DACEF-4196-4ABF-A99D-5E980C4C6EB1}.Release|x86.Build.0 = Release|x86
		{7E5B3755-3663-4D1B-9B3D-996111527D45}.Debug|Any CPU.ActiveCfg = Debug|Any CPU
		{7E5B3755-3663-4D1B-9B3D-996111527D45}.Debug|Any CPU.Build.0 = Debug|Any CPU
		{7E5B3755-3663-4D1B-9B3D-996111527D45}.Debug|x64.ActiveCfg = Debug|x64
		{7E5B3755-3663-4D1B-9B3D-996111527D45}.Debug|x64.Build.0 = Debug|x64
		{7E5B3755-3663-4D1B-9B3D-996111527D45}.Debug|x86.ActiveCfg = Debug|Any CPU
		{7E5B3755-3663-4D1B-9B3D-996111527D45}.Debug|x86.Build.0 = Debug|Any CPU
		{7E5B3755-3663-4D1B-9B3D-996111527D45}.Release|Any CPU.ActiveCfg = Release|Any CPU
		{7E5B3755-3663-4D1B-9B3D-996111527D45}.Release|Any CPU.Build.0 = Release|Any CPU
		{7E5B3755-3663-4D1B-9B3D-996111527D45}.Release|x64.ActiveCfg = Release|x64
		{7E5B3755-3663-4D1B-9B3D-996111527D45}.Release|x64.Build.0 = Release|x64
		{7E5B3755-3663-4D1B-9B3D-996111527D45}.Release|x86.ActiveCfg = Release|x86
		{7E5B3755-3663-4D1B-9B3D-996111527D45}.Release|x86.Build.0 = Release|x86
		{0213935D-3F2A-4095-9DCE-0E8FDDFD9B21}.Debug|Any CPU.ActiveCfg = Debug|Any CPU
		{0213935D-3F2A-4095-9DCE-0E8FDDFD9B21}.Debug|Any CPU.Build.0 = Debug|Any CPU
		{0213935D-3F2A-4095-9DCE-0E8FDDFD9B21}.Debug|x64.ActiveCfg = Debug|Any CPU
		{0213935D-3F2A-4095-9DCE-0E8FDDFD9B21}.Debug|x64.Build.0 = Debug|Any CPU
		{0213935D-3F2A-4095-9DCE-0E8FDDFD9B21}.Debug|x86.ActiveCfg = Debug|Any CPU
		{0213935D-3F2A-4095-9DCE-0E8FDDFD9B21}.Debug|x86.Build.0 = Debug|Any CPU
		{0213935D-3F2A-4095-9DCE-0E8FDDFD9B21}.Release|Any CPU.ActiveCfg = Release|Any CPU
		{0213935D-3F2A-4095-9DCE-0E8FDDFD9B21}.Release|Any CPU.Build.0 = Release|Any CPU
		{0213935D-3F2A-4095-9DCE-0E8FDDFD9B21}.Release|x64.ActiveCfg = Release|x64
		{0213935D-3F2A-4095-9DCE-0E8FDDFD9B21}.Release|x64.Build.0 = Release|x64
		{0213935D-3F2A-4095-9DCE-0E8FDDFD9B21}.Release|x86.ActiveCfg = Release|x86
		{0213935D-3F2A-4095-9DCE-0E8FDDFD9B21}.Release|x86.Build.0 = Release|x86
		{1C0D57EA-70FD-4BD4-9950-73665009F46E}.Debug|Any CPU.ActiveCfg = Debug|Any CPU
		{1C0D57EA-70FD-4BD4-9950-73665009F46E}.Debug|Any CPU.Build.0 = Debug|Any CPU
		{1C0D57EA-70FD-4BD4-9950-73665009F46E}.Debug|x64.ActiveCfg = Debug|x64
		{1C0D57EA-70FD-4BD4-9950-73665009F46E}.Debug|x64.Build.0 = Debug|x64
		{1C0D57EA-70FD-4BD4-9950-73665009F46E}.Debug|x86.ActiveCfg = Debug|Any CPU
		{1C0D57EA-70FD-4BD4-9950-73665009F46E}.Debug|x86.Build.0 = Debug|Any CPU
		{1C0D57EA-70FD-4BD4-9950-73665009F46E}.Release|Any CPU.ActiveCfg = Release|Any CPU
		{1C0D57EA-70FD-4BD4-9950-73665009F46E}.Release|Any CPU.Build.0 = Release|Any CPU
		{1C0D57EA-70FD-4BD4-9950-73665009F46E}.Release|x64.ActiveCfg = Release|x64
		{1C0D57EA-70FD-4BD4-9950-73665009F46E}.Release|x64.Build.0 = Release|x64
		{1C0D57EA-70FD-4BD4-9950-73665009F46E}.Release|x86.ActiveCfg = Release|x86
		{1C0D57EA-70FD-4BD4-9950-73665009F46E}.Release|x86.Build.0 = Release|x86
		{CCAA3F06-0715-4E7B-9AEF-EC21CFA9C10B}.Debug|Any CPU.ActiveCfg = Debug|Any CPU
		{CCAA3F06-0715-4E7B-9AEF-EC21CFA9C10B}.Debug|Any CPU.Build.0 = Debug|Any CPU
		{CCAA3F06-0715-4E7B-9AEF-EC21CFA9C10B}.Debug|x64.ActiveCfg = Debug|x64
		{CCAA3F06-0715-4E7B-9AEF-EC21CFA9C10B}.Debug|x64.Build.0 = Debug|x64
		{CCAA3F06-0715-4E7B-9AEF-EC21CFA9C10B}.Debug|x86.ActiveCfg = Debug|x86
		{CCAA3F06-0715-4E7B-9AEF-EC21CFA9C10B}.Debug|x86.Build.0 = Debug|x86
		{CCAA3F06-0715-4E7B-9AEF-EC21CFA9C10B}.Release|Any CPU.ActiveCfg = Release|Any CPU
		{CCAA3F06-0715-4E7B-9AEF-EC21CFA9C10B}.Release|Any CPU.Build.0 = Release|Any CPU
		{CCAA3F06-0715-4E7B-9AEF-EC21CFA9C10B}.Release|x64.ActiveCfg = Release|x64
		{CCAA3F06-0715-4E7B-9AEF-EC21CFA9C10B}.Release|x64.Build.0 = Release|x64
		{CCAA3F06-0715-4E7B-9AEF-EC21CFA9C10B}.Release|x86.ActiveCfg = Release|x86
		{CCAA3F06-0715-4E7B-9AEF-EC21CFA9C10B}.Release|x86.Build.0 = Release|x86
	EndGlobalSection
	GlobalSection(SolutionProperties) = preSolution
		HideSolutionNode = FALSE
	EndGlobalSection
	GlobalSection(ExtensibilityGlobals) = postSolution
		SolutionGuid = {6C25C765-3527-4F0E-87EF-C90801D3A821}
	EndGlobalSection
	GlobalSection(SharedMSBuildProjectFiles) = preSolution
		NetRunners\NetRunners.projitems*{0213935d-3f2a-4095-9dce-0e8fddfd9b21}*SharedItemsImports = 4
		NetRunners\NetRunners.projitems*{66523ec1-20ff-4278-9695-e46c029a9a0b}*SharedItemsImports = 13
		NetRunners\NetRunners.projitems*{7e5b3755-3663-4d1b-9b3d-996111527d45}*SharedItemsImports = 4
		NetRunners\NetRunners.projitems*{8ea2ad9a-bf9a-424a-bfc3-615e0c9fe1ac}*SharedItemsImports = 4
		NetRunners\NetRunners.projitems*{a80dacef-4196-4abf-a99d-5e980c4c6eb1}*SharedItemsImports = 4
		NetRunners\NetRunners.projitems*{ccaa3f06-0715-4e7b-9aef-ec21cfa9c10b}*SharedItemsImports = 4
		NetRunners\NetRunners.projitems*{fd617a78-c89d-4e90-abf9-65f15b4b3e21}*SharedItemsImports = 4
	EndGlobalSection
EndGlobal
